
Microsoft Visual Studio Solution File, Format Version 12.00
# Visual Studio 15
VisualStudioVersion = 15.0.28307.421
MinimumVisualStudioVersion = 10.0.40219.1
Project("{9A19103F-16F7-4668-BE54-9A1E7A4F7556}") = "LevelLinkCore.Domain", "LevelLinkCore.Domain\LevelLinkCore.Domain.csproj", "{1E277862-F9E4-45F6-9F4C-047AB4809EFF}"
EndProject
Project("{FAE04EC0-301F-11D3-BF4B-00C04F79EFBC}") = "LevelLinkCore.Web", "LevelLinkCore.Web\LevelLinkCore.Web.csproj", "{14B72DE0-9A39-4675-98FE-A7904B145038}"
EndProject
Project("{FAE04EC0-301F-11D3-BF4B-00C04F79EFBC}") = "LevelLinkCore.Infrastructure", "LevelLinkCore.Infrastructure\LevelLinkCore.Infrastructure.csproj", "{5B2F9636-3354-4108-8996-F1A57149B0C6}"
EndProject
Project("{FAE04EC0-301F-11D3-BF4B-00C04F79EFBC}") = "LevelLinkCore.Application", "LevelLinkCore.Application\LevelLinkCore.Application.csproj", "{57814558-4D5A-4D04-8E9E-A7993AE6AADF}"
EndProject
Project("{FAE04EC0-301F-11D3-BF4B-00C04F79EFBC}") = "LevelLinkCore.Consoles", "LevelLinkCore.Consoles\LevelLinkCore.Consoles.csproj", "{5B2FC08C-6313-42D0-9593-ECB2EF12DC23}"
EndProject
Global
	GlobalSection(SolutionConfigurationPlatforms) = preSolution
		Debug|Any CPU = Debug|Any CPU
		Release|Any CPU = Release|Any CPU
	EndGlobalSection
	GlobalSection(ProjectConfigurationPlatforms) = postSolution
		{1E277862-F9E4-45F6-9F4C-047AB4809EFF}.Debug|Any CPU.ActiveCfg = Debug|Any CPU
		{1E277862-F9E4-45F6-9F4C-047AB4809EFF}.Debug|Any CPU.Build.0 = Debug|Any CPU
		{1E277862-F9E4-45F6-9F4C-047AB4809EFF}.Release|Any CPU.ActiveCfg = Release|Any CPU
		{1E277862-F9E4-45F6-9F4C-047AB4809EFF}.Release|Any CPU.Build.0 = Release|Any CPU
		{14B72DE0-9A39-4675-98FE-A7904B145038}.Debug|Any CPU.ActiveCfg = Debug|Any CPU
		{14B72DE0-9A39-4675-98FE-A7904B145038}.Debug|Any CPU.Build.0 = Debug|Any CPU
		{14B72DE0-9A39-4675-98FE-A7904B145038}.Release|Any CPU.ActiveCfg = Release|Any CPU
		{14B72DE0-9A39-4675-98FE-A7904B145038}.Release|Any CPU.Build.0 = Release|Any CPU
		{5B2F9636-3354-4108-8996-F1A57149B0C6}.Debug|Any CPU.ActiveCfg = Debug|Any CPU
		{5B2F9636-3354-4108-8996-F1A57149B0C6}.Debug|Any CPU.Build.0 = Debug|Any CPU
		{5B2F9636-3354-4108-8996-F1A57149B0C6}.Release|Any CPU.ActiveCfg = Release|Any CPU
		{5B2F9636-3354-4108-8996-F1A57149B0C6}.Release|Any CPU.Build.0 = Release|Any CPU
		{57814558-4D5A-4D04-8E9E-A7993AE6AADF}.Debug|Any CPU.ActiveCfg = Debug|Any CPU
		{57814558-4D5A-4D04-8E9E-A7993AE6AADF}.Debug|Any CPU.Build.0 = Debug|Any CPU
		{57814558-4D5A-4D04-8E9E-A7993AE6AADF}.Release|Any CPU.ActiveCfg = Release|Any CPU
		{57814558-4D5A-4D04-8E9E-A7993AE6AADF}.Release|Any CPU.Build.0 = Release|Any CPU
		{5B2FC08C-6313-42D0-9593-ECB2EF12DC23}.Debug|Any CPU.ActiveCfg = Debug|Any CPU
		{5B2FC08C-6313-42D0-9593-ECB2EF12DC23}.Debug|Any CPU.Build.0 = Debug|Any CPU
		{5B2FC08C-6313-42D0-9593-ECB2EF12DC23}.Release|Any CPU.ActiveCfg = Release|Any CPU
		{5B2FC08C-6313-42D0-9593-ECB2EF12DC23}.Release|Any CPU.Build.0 = Release|Any CPU
	EndGlobalSection
	GlobalSection(SolutionProperties) = preSolution
		HideSolutionNode = FALSE
	EndGlobalSection
	GlobalSection(ExtensibilityGlobals) = postSolution
		SolutionGuid = {3153A321-3212-49EB-A2B9-DDE81AC298B4}
	EndGlobalSection
EndGlobal
